dependencies:
- name: memcached
  repository: oci://registry-1.docker.io/bitnamicharts
  version: 7.5.2
- name: redis
  repository: oci://registry-1.docker.io/bitnamicharts
  version: 17.11.3
- name: kafka
  repository: oci://registry-1.docker.io/bitnamicharts
  version: 29.3.14
- name: clickhouse
  repository: https://sentry-kubernetes.github.io/charts
  version: 3.14.1
- name: zookeeper
  repository: oci://registry-1.docker.io/bitnamicharts
  version: 11.4.11
- name: rabbitmq
  repository: oci://registry-1.docker.io/bitnamicharts
  version: 15.4.1
- name: postgresql
  repository: oci://registry-1.docker.io/bitnamicharts
  version: 12.5.1
- name: nginx
  repository: oci://registry-1.docker.io/bitnamicharts
  version: 18.2.5
digest: sha256:fd3785bf4a0d8ce2b45a89a65372cb491fa37f981581cada8e8d1e5cd4e9f565
generated: "2025-03-29T01:38:59.380664108Z"
